
Microsoft Visual Studio Solution File, Format Version 12.00
# Visual Studio Version 17
Project("{8BC9CEB8-8B4A-11D0-8D11-00A0C91BC942}") = "ALL_BUILD", "ALL_BUILD.vcxproj", "{7DEBA260-E8D9-37A7-8704-3D31C7535767}"
	ProjectSection(ProjectDependencies) = postProject
		{1F7B9701-970D-3D96-83A7-9496805F1C04} = {1F7B9701-970D-3D96-83A7-9496805F1C04}
		{B23B1A0A-D2F9-3B3A-BC82-B17878784BAD} = {B23B1A0A-D2F9-3B3A-BC82-B17878784BAD}
		{54FC5082-89A4-3C2A-846A-978956B9F517} = {54FC5082-89A4-3C2A-846A-978956B9F517}
		{50347D2D-44BB-3825-97B9-911BADAD2DA5} = {50347D2D-44BB-3825-97B9-911BADAD2DA5}
		{BC5F35CE-9180-36A6-8C91-671CE1079582} = {BC5F35CE-9180-36A6-8C91-671CE1079582}
	EndProjectSection
EndProject
Project("{8BC9CEB8-8B4A-11D0-8D11-00A0C91BC942}") = "ZERO_CHECK", "ZERO_CHECK.vcxproj", "{1F7B9701-970D-3D96-83A7-9496805F1C04}"
	ProjectSection(ProjectDependencies) = postProject
	EndProjectSection
EndProject
Project("{8BC9CEB8-8B4A-11D0-8D11-00A0C91BC942}") = "gtest", "gtest.vcxproj", "{B23B1A0A-D2F9-3B3A-BC82-B17878784BAD}"
	ProjectSection(ProjectDependencies) = postProject
		{1F7B9701-970D-3D96-83A7-9496805F1C04} = {1F7B9701-970D-3D96-83A7-9496805F1C04}
	EndProjectSection
EndProject
Project("{8BC9CEB8-8B4A-11D0-8D11-00A0C91BC942}") = "polinoms", "polinoms.vcxproj", "{54FC5082-89A4-3C2A-846A-978956B9F517}"
	ProjectSection(ProjectDependencies) = postProject
		{1F7B9701-970D-3D96-83A7-9496805F1C04} = {1F7B9701-970D-3D96-83A7-9496805F1C04}
	EndProjectSection
EndProject
Project("{8BC9CEB8-8B4A-11D0-8D11-00A0C91BC942}") = "sample", "sample.vcxproj", "{50347D2D-44BB-3825-97B9-911BADAD2DA5}"
	ProjectSection(ProjectDependencies) = postProject
		{1F7B9701-970D-3D96-83A7-9496805F1C04} = {1F7B9701-970D-3D96-83A7-9496805F1C04}
		{54FC5082-89A4-3C2A-846A-978956B9F517} = {54FC5082-89A4-3C2A-846A-978956B9F517}
	EndProjectSection
EndProject
Project("{8BC9CEB8-8B4A-11D0-8D11-00A0C91BC942}") = "test", "test.vcxproj", "{BC5F35CE-9180-36A6-8C91-671CE1079582}"
	ProjectSection(ProjectDependencies) = postProject
		{1F7B9701-970D-3D96-83A7-9496805F1C04} = {1F7B9701-970D-3D96-83A7-9496805F1C04}
		{B23B1A0A-D2F9-3B3A-BC82-B17878784BAD} = {B23B1A0A-D2F9-3B3A-BC82-B17878784BAD}
		{54FC5082-89A4-3C2A-846A-978956B9F517} = {54FC5082-89A4-3C2A-846A-978956B9F517}
	EndProjectSection
EndProject
Global
	GlobalSection(SolutionConfigurationPlatforms) = preSolution
		Debug|x64 = Debug|x64
		Release|x64 = Release|x64
		MinSizeRel|x64 = MinSizeRel|x64
		RelWithDebInfo|x64 = RelWithDebInfo|x64
	EndGlobalSection
	GlobalSection(ProjectConfigurationPlatforms) = postSolution
		{7DEBA260-E8D9-37A7-8704-3D31C7535767}.Debug|x64.ActiveCfg = Debug|x64
		{7DEBA260-E8D9-37A7-8704-3D31C7535767}.Release|x64.ActiveCfg = Release|x64
		{7DEBA260-E8D9-37A7-8704-3D31C7535767}.MinSizeRel|x64.ActiveCfg = MinSizeRel|x64
		{7DEBA260-E8D9-37A7-8704-3D31C7535767}.RelWithDebInfo|x64.ActiveCfg = RelWithDebInfo|x64
		{1F7B9701-970D-3D96-83A7-9496805F1C04}.Debug|x64.ActiveCfg = Debug|x64
		{1F7B9701-970D-3D96-83A7-9496805F1C04}.Debug|x64.Build.0 = Debug|x64
		{1F7B9701-970D-3D96-83A7-9496805F1C04}.Release|x64.ActiveCfg = Release|x64
		{1F7B9701-970D-3D96-83A7-9496805F1C04}.Release|x64.Build.0 = Release|x64
		{1F7B9701-970D-3D96-83A7-9496805F1C04}.MinSizeRel|x64.ActiveCfg = MinSizeRel|x64
		{1F7B9701-970D-3D96-83A7-9496805F1C04}.MinSizeRel|x64.Build.0 = MinSizeRel|x64
		{1F7B9701-970D-3D96-83A7-9496805F1C04}.RelWithDebInfo|x64.ActiveCfg = RelWithDebInfo|x64
		{1F7B9701-970D-3D96-83A7-9496805F1C04}.RelWithDebInfo|x64.Build.0 = RelWithDebInfo|x64
		{B23B1A0A-D2F9-3B3A-BC82-B17878784BAD}.Debug|x64.ActiveCfg = Debug|x64
		{B23B1A0A-D2F9-3B3A-BC82-B17878784BAD}.Debug|x64.Build.0 = Debug|x64
		{B23B1A0A-D2F9-3B3A-BC82-B17878784BAD}.Release|x64.ActiveCfg = Release|x64
		{B23B1A0A-D2F9-3B3A-BC82-B17878784BAD}.Release|x64.Build.0 = Release|x64
		{B23B1A0A-D2F9-3B3A-BC82-B17878784BAD}.MinSizeRel|x64.ActiveCfg = MinSizeRel|x64
		{B23B1A0A-D2F9-3B3A-BC82-B17878784BAD}.MinSizeRel|x64.Build.0 = MinSizeRel|x64
		{B23B1A0A-D2F9-3B3A-BC82-B17878784BAD}.RelWithDebInfo|x64.ActiveCfg = RelWithDebInfo|x64
		{B23B1A0A-D2F9-3B3A-BC82-B17878784BAD}.RelWithDebInfo|x64.Build.0 = RelWithDebInfo|x64
		{54FC5082-89A4-3C2A-846A-978956B9F517}.Debug|x64.ActiveCfg = Debug|x64
		{54FC5082-89A4-3C2A-846A-978956B9F517}.Debug|x64.Build.0 = Debug|x64
		{54FC5082-89A4-3C2A-846A-978956B9F517}.Release|x64.ActiveCfg = Release|x64
		{54FC5082-89A4-3C2A-846A-978956B9F517}.Release|x64.Build.0 = Release|x64
		{54FC5082-89A4-3C2A-846A-978956B9F517}.MinSizeRel|x64.ActiveCfg = MinSizeRel|x64
		{54FC5082-89A4-3C2A-846A-978956B9F517}.MinSizeRel|x64.Build.0 = MinSizeRel|x64
		{54FC5082-89A4-3C2A-846A-978956B9F517}.RelWithDebInfo|x64.ActiveCfg = RelWithDebInfo|x64
		{54FC5082-89A4-3C2A-846A-978956B9F517}.RelWithDebInfo|x64.Build.0 = RelWithDebInfo|x64
		{50347D2D-44BB-3825-97B9-911BADAD2DA5}.Debug|x64.ActiveCfg = Debug|x64
		{50347D2D-44BB-3825-97B9-911BADAD2DA5}.Debug|x64.Build.0 = Debug|x64
		{50347D2D-44BB-3825-97B9-911BADAD2DA5}.Release|x64.ActiveCfg = Release|x64
		{50347D2D-44BB-3825-97B9-911BADAD2DA5}.Release|x64.Build.0 = Release|x64
		{50347D2D-44BB-3825-97B9-911BADAD2DA5}.MinSizeRel|x64.ActiveCfg = MinSizeRel|x64
		{50347D2D-44BB-3825-97B9-911BADAD2DA5}.MinSizeRel|x64.Build.0 = MinSizeRel|x64
		{50347D2D-44BB-3825-97B9-911BADAD2DA5}.RelWithDebInfo|x64.ActiveCfg = RelWithDebInfo|x64
		{50347D2D-44BB-3825-97B9-911BADAD2DA5}.RelWithDebInfo|x64.Build.0 = RelWithDebInfo|x64
		{BC5F35CE-9180-36A6-8C91-671CE1079582}.Debug|x64.ActiveCfg = Debug|x64
		{BC5F35CE-9180-36A6-8C91-671CE1079582}.Debug|x64.Build.0 = Debug|x64
		{BC5F35CE-9180-36A6-8C91-671CE1079582}.Release|x64.ActiveCfg = Release|x64
		{BC5F35CE-9180-36A6-8C91-671CE1079582}.Release|x64.Build.0 = Release|x64
		{BC5F35CE-9180-36A6-8C91-671CE1079582}.MinSizeRel|x64.ActiveCfg = MinSizeRel|x64
		{BC5F35CE-9180-36A6-8C91-671CE1079582}.MinSizeRel|x64.Build.0 = MinSizeRel|x64
		{BC5F35CE-9180-36A6-8C91-671CE1079582}.RelWithDebInfo|x64.ActiveCfg = RelWithDebInfo|x64
		{BC5F35CE-9180-36A6-8C91-671CE1079582}.RelWithDebInfo|x64.Build.0 = RelWithDebInfo|x64
	EndGlobalSection
	GlobalSection(ExtensibilityGlobals) = postSolution
		SolutionGuid = {95AED3FE-CC79-3D48-AD4A-3F52AC3ACCCD}
	EndGlobalSection
	GlobalSection(ExtensibilityAddIns) = postSolution
	EndGlobalSection
EndGlobal
